
Microsoft Visual Studio Solution File, Format Version 12.00
# Visual Studio Version 17
VisualStudioVersion = 17.0.32014.148
MinimumVisualStudioVersion = 10.0.40219.1
Project("{FAE04EC0-301F-11D3-BF4B-00C04F79EFBC}") = "Hotels", "Hotels.csproj", "{C45A1449-2F9D-4309-864E-19F1C1A4C102}"
EndProject
Global
	GlobalSection(SolutionConfigurationPlatforms) = preSolution
		Debug|Any CPU = Debug|Any CPU
		Release|Any CPU = Release|Any CPU
	EndGlobalSection
	GlobalSection(ProjectConfigurationPlatforms) = postSolution
		{C45A1449-2F9D-4309-864E-19F1C1A4C102}.Debug|Any CPU.ActiveCfg = Debug|Any CPU
		{C45A1449-2F9D-4309-864E-19F1C1A4C102}.Debug|Any CPU.Build.0 = Debug|Any CPU
		{C45A1449-2F9D-4309-864E-19F1C1A4C102}.Release|Any CPU.ActiveCfg = Release|Any CPU
		{C45A1449-2F9D-4309-864E-19F1C1A4C102}.Release|Any CPU.Build.0 = Release|Any CPU
	EndGlobalSection
	GlobalSection(SolutionProperties) = preSolution
		HideSolutionNode = FALSE
	EndGlobalSection
	GlobalSection(ExtensibilityGlobals) = postSolution
		SolutionGuid = {A7F5C859-7E09-408F-AAB8-C4A947F94CE5}
	EndGlobalSection
EndGlobal
